
Microsoft Visual Studio Solution File, Format Version 12.00
# Visual Studio Version 17
VisualStudioVersion = 17.6.33801.468
MinimumVisualStudioVersion = 10.0.40219.1
Project("{9A19103F-16F7-4668-BE54-9A1E7A4F7556}") = "BookStoreApp.API", "BookStoreApp.API\BookStoreApp.API.csproj", "{581EEE1F-0695-4265-A0E3-E05F103CEF54}"
EndProject
Project("{9A19103F-16F7-4668-BE54-9A1E7A4F7556}") = "AppBookStore.Blazor.Server.UI", "AppBookStore.Blazor.Server.UI\AppBookStore.Blazor.Server.UI.csproj", "{91FE1A1A-D69B-4D73-A959-E0170AC56143}"
EndProject
Project("{FAE04EC0-301F-11D3-BF4B-00C04F79EFBC}") = "AppBookStore.Blazor.WebAssembley.UI", "AppBookStore.Blazor.WebAssembley.UI\AppBookStore.Blazor.WebAssembley.UI.csproj", "{BAB11539-41A7-426F-B1B3-FF52A7F1B048}"
EndProject
Global
	GlobalSection(SolutionConfigurationPlatforms) = preSolution
		Debug|Any CPU = Debug|Any CPU
		Release|Any CPU = Release|Any CPU
	EndGlobalSection
	GlobalSection(ProjectConfigurationPlatforms) = postSolution
		{581EEE1F-0695-4265-A0E3-E05F103CEF54}.Debug|Any CPU.ActiveCfg = Debug|Any CPU
		{581EEE1F-0695-4265-A0E3-E05F103CEF54}.Debug|Any CPU.Build.0 = Debug|Any CPU
		{581EEE1F-0695-4265-A0E3-E05F103CEF54}.Release|Any CPU.ActiveCfg = Release|Any CPU
		{581EEE1F-0695-4265-A0E3-E05F103CEF54}.Release|Any CPU.Build.0 = Release|Any CPU
		{91FE1A1A-D69B-4D73-A959-E0170AC56143}.Debug|Any CPU.ActiveCfg = Debug|Any CPU
		{91FE1A1A-D69B-4D73-A959-E0170AC56143}.Debug|Any CPU.Build.0 = Debug|Any CPU
		{91FE1A1A-D69B-4D73-A959-E0170AC56143}.Release|Any CPU.ActiveCfg = Release|Any CPU
		{91FE1A1A-D69B-4D73-A959-E0170AC56143}.Release|Any CPU.Build.0 = Release|Any CPU
		{BAB11539-41A7-426F-B1B3-FF52A7F1B048}.Debug|Any CPU.ActiveCfg = Debug|Any CPU
		{BAB11539-41A7-426F-B1B3-FF52A7F1B048}.Debug|Any CPU.Build.0 = Debug|Any CPU
		{BAB11539-41A7-426F-B1B3-FF52A7F1B048}.Release|Any CPU.ActiveCfg = Release|Any CPU
		{BAB11539-41A7-426F-B1B3-FF52A7F1B048}.Release|Any CPU.Build.0 = Release|Any CPU
	EndGlobalSection
	GlobalSection(SolutionProperties) = preSolution
		HideSolutionNode = FALSE
	EndGlobalSection
	GlobalSection(ExtensibilityGlobals) = postSolution
		SolutionGuid = {774F3857-458F-4786-81BF-4273FD226796}
	EndGlobalSection
EndGlobal
